
Microsoft Visual Studio Solution File, Format Version 12.00
# Visual Studio Version 17
VisualStudioVersion = 17.4.33213.308
MinimumVisualStudioVersion = 10.0.40219.1
Project("{FAE04EC0-301F-11D3-BF4B-00C04F79EFBC}") = "eTickets", "eTickets\eTickets.csproj", "{BE051C6E-8846-40CE-BA0E-7C4A8D3EA20B}"
EndProject
Global
	GlobalSection(SolutionConfigurationPlatforms) = preSolution
		Debug|Any CPU = Debug|Any CPU
		Release|Any CPU = Release|Any CPU
	EndGlobalSection
	GlobalSection(ProjectConfigurationPlatforms) = postSolution
		{BE051C6E-8846-40CE-BA0E-7C4A8D3EA20B}.Debug|Any CPU.ActiveCfg = Debug|Any CPU
		{BE051C6E-8846-40CE-BA0E-7C4A8D3EA20B}.Debug|Any CPU.Build.0 = Debug|Any CPU
		{BE051C6E-8846-40CE-BA0E-7C4A8D3EA20B}.Release|Any CPU.ActiveCfg = Release|Any CPU
		{BE051C6E-8846-40CE-BA0E-7C4A8D3EA20B}.Release|Any CPU.Build.0 = Release|Any CPU
	EndGlobalSection
	GlobalSection(SolutionProperties) = preSolution
		HideSolutionNode = FALSE
	EndGlobalSection
	GlobalSection(ExtensibilityGlobals) = postSolution
		SolutionGuid = {F7BFAF30-F275-4F02-95DD-E91FF5E6A72F}
	EndGlobalSection
EndGlobal
